
Microsoft Visual Studio Solution File, Format Version 12.00
# Visual Studio Version 17
VisualStudioVersion = 17.3.32901.215
MinimumVisualStudioVersion = 10.0.40219.1
Project("{FAE04EC0-301F-11D3-BF4B-00C04F79EFBC}") = "FindDuplicates", "FindDuplicates\FindDuplicates.csproj", "{713E3F8E-A6FF-417E-80A6-D3F701095993}"
EndProject
Global
	GlobalSection(SolutionConfigurationPlatforms) = preSolution
		Debug|Any CPU = Debug|Any CPU
		Release|Any CPU = Release|Any CPU
	EndGlobalSection
	GlobalSection(ProjectConfigurationPlatforms) = postSolution
		{713E3F8E-A6FF-417E-80A6-D3F701095993}.Debug|Any CPU.ActiveCfg = Debug|Any CPU
		{713E3F8E-A6FF-417E-80A6-D3F701095993}.Debug|Any CPU.Build.0 = Debug|Any CPU
		{713E3F8E-A6FF-417E-80A6-D3F701095993}.Release|Any CPU.ActiveCfg = Release|Any CPU
		{713E3F8E-A6FF-417E-80A6-D3F701095993}.Release|Any CPU.Build.0 = Release|Any CPU
	EndGlobalSection
	GlobalSection(SolutionProperties) = preSolution
		HideSolutionNode = FALSE
	EndGlobalSection
	GlobalSection(ExtensibilityGlobals) = postSolution
		SolutionGuid = {BABFBAE6-D123-4131-8B15-1E9B1535976E}
	EndGlobalSection
EndGlobal
