
Microsoft Visual Studio Solution File, Format Version 12.00
# Visual Studio Version 17
VisualStudioVersion = 17.3.32901.215
MinimumVisualStudioVersion = 10.0.40219.1
Project("{9A19103F-16F7-4668-BE54-9A1E7A4F7556}") = "FindDuplicates", "FindDuplicates\FindDuplicates.csproj", "{713E3F8E-A6FF-417E-80A6-D3F701095993}"
EndProject
Project("{2150E333-8FDC-42A3-9474-1A3956D46DE8}") = "Solution Items", "Solution Items", "{17B1E80E-D937-4E2D-8CF3-DD3A87F9B9F4}"
	ProjectSection(SolutionItems) = preProject
		README.md = README.md
	EndProjectSection
EndProject
Global
	GlobalSection(SolutionConfigurationPlatforms) = preSolution
		Debug|Any CPU = Debug|Any CPU
		Release|Any CPU = Release|Any CPU
	EndGlobalSection
	GlobalSection(ProjectConfigurationPlatforms) = postSolution
		{713E3F8E-A6FF-417E-80A6-D3F701095993}.Debug|Any CPU.ActiveCfg = Debug|Any CPU
		{713E3F8E-A6FF-417E-80A6-D3F701095993}.Debug|Any CPU.Build.0 = Debug|Any CPU
		{713E3F8E-A6FF-417E-80A6-D3F701095993}.Release|Any CPU.ActiveCfg = Release|Any CPU
		{713E3F8E-A6FF-417E-80A6-D3F701095993}.Release|Any CPU.Build.0 = Release|Any CPU
	EndGlobalSection
	GlobalSection(SolutionProperties) = preSolution
		HideSolutionNode = FALSE
	EndGlobalSection
	GlobalSection(ExtensibilityGlobals) = postSolution
		SolutionGuid = {BABFBAE6-D123-4131-8B15-1E9B1535976E}
	EndGlobalSection
EndGlobal
